
Microsoft Visual Studio Solution File, Format Version 12.00
# Visual Studio Version 17
VisualStudioVersion = 17.10.35122.118
MinimumVisualStudioVersion = 10.0.40219.1
Project("{9A19103F-16F7-4668-BE54-9A1E7A4F7556}") = "FlappyBirdAI", "FlappyBirdAI\FlappyBirdAI.csproj", "{44C41A9B-ECB7-4F1B-A4EF-7A415DAEAF7E}"
EndProject
Project("{9A19103F-16F7-4668-BE54-9A1E7A4F7556}") = "NeuralNetworkLibrary", "..\Neural\NeuralNetworkLibrary\NeuralNetworkLibrary.csproj", "{DDB4EBD0-2A1C-42B8-8B13-F758A9C92B52}"
EndProject
Global
	GlobalSection(SolutionConfigurationPlatforms) = preSolution
		Debug|Any CPU = Debug|Any CPU
		Release|Any CPU = Release|Any CPU
	EndGlobalSection
	GlobalSection(ProjectConfigurationPlatforms) = postSolution
		{44C41A9B-ECB7-4F1B-A4EF-7A415DAEAF7E}.Debug|Any CPU.ActiveCfg = Debug|Any CPU
		{44C41A9B-ECB7-4F1B-A4EF-7A415DAEAF7E}.Debug|Any CPU.Build.0 = Debug|Any CPU
		{44C41A9B-ECB7-4F1B-A4EF-7A415DAEAF7E}.Release|Any CPU.ActiveCfg = Release|Any CPU
		{44C41A9B-ECB7-4F1B-A4EF-7A415DAEAF7E}.Release|Any CPU.Build.0 = Release|Any CPU
		{DDB4EBD0-2A1C-42B8-8B13-F758A9C92B52}.Debug|Any CPU.ActiveCfg = Debug|Any CPU
		{DDB4EBD0-2A1C-42B8-8B13-F758A9C92B52}.Debug|Any CPU.Build.0 = Debug|Any CPU
		{DDB4EBD0-2A1C-42B8-8B13-F758A9C92B52}.Release|Any CPU.ActiveCfg = Release|Any CPU
		{DDB4EBD0-2A1C-42B8-8B13-F758A9C92B52}.Release|Any CPU.Build.0 = Release|Any CPU
	EndGlobalSection
	GlobalSection(SolutionProperties) = preSolution
		HideSolutionNode = FALSE
	EndGlobalSection
	GlobalSection(ExtensibilityGlobals) = postSolution
		SolutionGuid = {B2C573CE-198A-44D2-B35F-69EEA99C8958}
	EndGlobalSection
EndGlobal
